
Microsoft Visual Studio Solution File, Format Version 12.00
# Visual Studio 15
VisualStudioVersion = 15.0.27428.2037
MinimumVisualStudioVersion = 10.0.40219.1
Project("{8BC9CEB8-8B4A-11D0-8D11-00A0C91BC942}") = "Server", "Server\Server.vcxproj", "{6B2E14CA-3D55-440C-A464-F2CE3490BBB9}"
EndProject
Global
	GlobalSection(SolutionConfigurationPlatforms) = preSolution
		Debug|x64 = Debug|x64
		Debug|x86 = Debug|x86
		Release|x64 = Release|x64
		Release|x86 = Release|x86
	EndGlobalSection
	GlobalSection(ProjectConfigurationPlatforms) = postSolution
		{6B2E14CA-3D55-440C-A464-F2CE3490BBB9}.Debug|x64.ActiveCfg = Debug|x64
		{6B2E14CA-3D55-440C-A464-F2CE3490BBB9}.Debug|x64.Build.0 = Debug|x64
		{6B2E14CA-3D55-440C-A464-F2CE3490BBB9}.Debug|x86.ActiveCfg = Debug|Win32
		{6B2E14CA-3D55-440C-A464-F2CE3490BBB9}.Debug|x86.Build.0 = Debug|Win32
		{6B2E14CA-3D55-440C-A464-F2CE3490BBB9}.Release|x64.ActiveCfg = Release|x64
		{6B2E14CA-3D55-440C-A464-F2CE3490BBB9}.Release|x64.Build.0 = Release|x64
		{6B2E14CA-3D55-440C-A464-F2CE3490BBB9}.Release|x86.ActiveCfg = Release|Win32
		{6B2E14CA-3D55-440C-A464-F2CE3490BBB9}.Release|x86.Build.0 = Release|Win32
	EndGlobalSection
	GlobalSection(SolutionProperties) = preSolution
		HideSolutionNode = FALSE
	EndGlobalSection
	GlobalSection(ExtensibilityGlobals) = postSolution
		SolutionGuid = {A4DB891C-5B7F-4E66-8A12-96B3068C86F0}
	EndGlobalSection
EndGlobal
